
Microsoft Visual Studio Solution File, Format Version 12.00
# Visual Studio Version 16
VisualStudioVersion = 16.0.29806.167
MinimumVisualStudioVersion = 10.0.40219.1
Project("{FAE04EC0-301F-11D3-BF4B-00C04F79EFBC}") = "Multitenancy", "src\Multitenancy\Multitenancy.csproj", "{D6DE42AE-AD24-4E66-82C2-AA1416854923}"
EndProject
Project("{FAE04EC0-301F-11D3-BF4B-00C04F79EFBC}") = "Multitenancy.Tests", "tests\Multitenancy.Tests\Multitenancy.Tests.csproj", "{1C183F81-B466-4C0E-86A4-9B01A8BDB173}"
EndProject
Global
	GlobalSection(SolutionConfigurationPlatforms) = preSolution
		Debug|Any CPU = Debug|Any CPU
		Release|Any CPU = Release|Any CPU
	EndGlobalSection
	GlobalSection(ProjectConfigurationPlatforms) = postSolution
		{D6DE42AE-AD24-4E66-82C2-AA1416854923}.Debug|Any CPU.ActiveCfg = Debug|Any CPU
		{D6DE42AE-AD24-4E66-82C2-AA1416854923}.Debug|Any CPU.Build.0 = Debug|Any CPU
		{D6DE42AE-AD24-4E66-82C2-AA1416854923}.Release|Any CPU.ActiveCfg = Release|Any CPU
		{D6DE42AE-AD24-4E66-82C2-AA1416854923}.Release|Any CPU.Build.0 = Release|Any CPU
		{1C183F81-B466-4C0E-86A4-9B01A8BDB173}.Debug|Any CPU.ActiveCfg = Debug|Any CPU
		{1C183F81-B466-4C0E-86A4-9B01A8BDB173}.Debug|Any CPU.Build.0 = Debug|Any CPU
		{1C183F81-B466-4C0E-86A4-9B01A8BDB173}.Release|Any CPU.ActiveCfg = Release|Any CPU
		{1C183F81-B466-4C0E-86A4-9B01A8BDB173}.Release|Any CPU.Build.0 = Release|Any CPU
	EndGlobalSection
	GlobalSection(SolutionProperties) = preSolution
		HideSolutionNode = FALSE
	EndGlobalSection
	GlobalSection(ExtensibilityGlobals) = postSolution
		SolutionGuid = {15B12DEF-FD06-4B89-92AA-055061B2827D}
	EndGlobalSection
EndGlobal
